PODS:
  - Alamofire (4.8.2)
  - OpenCV (4.1.0)
  - ReachabilitySwift (4.3.1)
  - RxCocoa (5.0.0):
    - RxRelay (~> 5)
    - RxSwift (~> 5)
  - RxRelay (5.0.0):
    - RxSwift (~> 5)
  - RxSwift (5.0.0)
  - SnapKit (4.2.0)
  - SVProgressHUD (2.2.5)
  - SwiftyJSON (4.1.0)

DEPENDENCIES:
  - Alamofire
  - OpenCV (= 4.1.0)
  - ReachabilitySwift
  - RxCocoa (= 5.0.0)
  - RxSwift (= 5.0.0)
  - SnapKit (= 4.2.0)
  - SVProgressHUD
  - SwiftyJSON (= 4.1.0)

SPEC REPOS:
  https://github.com/cocoapods/specs.git:
    - Alamofire
    - OpenCV
    - ReachabilitySwift
    - RxCocoa
    - RxRelay
    - RxSwift
    - SnapKit
    - SVProgressHUD
    - SwiftyJSON

SPEC CHECKSUMS:
  Alamofire: ae5c501addb7afdbb13687d7f2f722c78734c2d3
  OpenCV: 52cd4d72ff29e2be83421477aec5447320b7fb19
  ReachabilitySwift: 4032e2f59586e11e3b0ebe15b167abdd587a388b
  RxCocoa: fcf32050ac00d801f34a7f71d5e8e7f23026dcd8
  RxRelay: 4f7409406a51a55cd88483f21ed898c234d60f18
  RxSwift: 8b0671caa829a763bbce7271095859121cbd895f
  SnapKit: fe8a619752f3f27075cc9a90244d75c6c3f27e2a
  SVProgressHUD: 1428aafac632c1f86f62aa4243ec12008d7a51d6
  SwiftyJSON: c29297daf073d2aa016295d5809cdd68045c39b3

PODFILE CHECKSUM: 12d21a8a2ca03ba5e6098942d73145fbd18055c7

COCOAPODS: 1.6.0.beta.2
